
Microsoft Visual Studio Solution File, Format Version 12.00
# Visual Studio Version 17
VisualStudioVersion = 17.3.32901.215
MinimumVisualStudioVersion = 10.0.40219.1
Project("{FAE04EC0-301F-11D3-BF4B-00C04F79EFBC}") = "01", "01.csproj", "{A6A00C18-9DA3-4952-96D3-00F1003FD7E9}"
EndProject
Global
	GlobalSection(SolutionConfigurationPlatforms) = preSolution
		Debug|Any CPU = Debug|Any CPU
		Release|Any CPU = Release|Any CPU
	EndGlobalSection
	GlobalSection(ProjectConfigurationPlatforms) = postSolution
		{A6A00C18-9DA3-4952-96D3-00F1003FD7E9}.Debug|Any CPU.ActiveCfg = Debug|Any CPU
		{A6A00C18-9DA3-4952-96D3-00F1003FD7E9}.Debug|Any CPU.Build.0 = Debug|Any CPU
		{A6A00C18-9DA3-4952-96D3-00F1003FD7E9}.Release|Any CPU.ActiveCfg = Release|Any CPU
		{A6A00C18-9DA3-4952-96D3-00F1003FD7E9}.Release|Any CPU.Build.0 = Release|Any CPU
	EndGlobalSection
	GlobalSection(SolutionProperties) = preSolution
		HideSolutionNode = FALSE
	EndGlobalSection
	GlobalSection(ExtensibilityGlobals) = postSolution
		SolutionGuid = {B3EC21F6-C011-4E8C-8113-131913DC3A80}
	EndGlobalSection
EndGlobal
